{
  "version": 4,
  "terraform_version": "1.3.9",
  "serial": 20,
  "lineage": "f41d5914-7420-3485-aa7c-28893da56d2f",
  "outputs": {},
  "resources": [
    {
      "mode": "managed",
      "type": "confluent_kafka_cluster",
      "name": "basic",
      "provider": "provider[\"registry.terraform.io/confluentinc/confluent\"]",
      "instances": [
        {
          "schema_version": 1,
          "attributes": {
            "api_version": "cmk/v2",
            "availability": "SINGLE_ZONE",
            "basic": [
              {}
            ],
            "bootstrap_endpoint": "SASL_SSL://pkc-l7pr2.ap-south-1.aws.confluent.cloud:9092",
            "byok_key": [
              {
                "id": ""
              }
            ],
            "cloud": "AWS",
            "dedicated": [],
            "display_name": "Customer_success",
            "enterprise": [],
            "environment": [
              {
                "id": "env-1j6ny6"
              }
            ],
            "id": "lkc-v1zpd5",
            "kind": "Cluster",
            "network": [
              {
                "id": ""
              }
            ],
            "rbac_crn": "crn://confluent.cloud/organization=5f242057-6c74-4ba5-9942-60d363203b93/environment=env-1j6ny6/cloud-cluster=lkc-v1zpd5",
            "region": "ap-south-1",
            "rest_endpoint": "https://pkc-l7pr2.ap-south-1.aws.confluent.cloud:443",
            "standard": [],
            "timeouts": null
          },
          "sensitive_attributes": [],
          "private": "eyJlMmJmYjczMC1lY2FhLTExZTYtOGY4OC0zNDM2M2JjN2M0YzAiOnsiY3JlYXRlIjoyNTkyMDAwMDAwMDAwMDAsInVwZGF0ZSI6MjU5MjAwMDAwMDAwMDAwfSwic2NoZW1hX3ZlcnNpb24iOiIxIn0="
        }
      ]
    },
    {
      "mode": "managed",
      "type": "confluent_kafka_topic",
      "name": "Active_Users",
      "provider": "provider[\"registry.terraform.io/confluentinc/confluent\"]",
      "instances": [
        {
          "schema_version": 2,
          "attributes": {
            "config": {},
            "credentials": [
              {
                "key": "JESRKNNSZUNNJR2Y",
                "secret": "7SEBgOZRXRbovgAx90qGN4tT8mfv9l0gH69hxY41c08dTf56qlDnyGhpPTcU7Fc7"
              }
            ],
            "id": "lkc-v1zpd5/Active_Users",
            "kafka_cluster": [
              {
                "id": "lkc-v1zpd5"
              }
            ],
            "partitions_count": 6,
            "rest_endpoint": "https://pkc-l7pr2.ap-south-1.aws.confluent.cloud:443",
            "topic_name": "Active_Users"
          },
          "sensitive_attributes": [],
          "private": "eyJzY2hlbWFfdmVyc2lvbiI6IjIifQ==",
          "dependencies": [
            "confluent_kafka_cluster.basic"
          ]
        }
      ]
    },
    {
      "mode": "managed",
      "type": "confluent_kafka_topic",
      "name": "Clicks",
      "provider": "provider[\"registry.terraform.io/confluentinc/confluent\"]",
      "instances": [
        {
          "schema_version": 2,
          "attributes": {
            "config": {},
            "credentials": [
              {
                "key": "JESRKNNSZUNNJR2Y",
                "secret": "7SEBgOZRXRbovgAx90qGN4tT8mfv9l0gH69hxY41c08dTf56qlDnyGhpPTcU7Fc7"
              }
            ],
            "id": "lkc-v1zpd5/Clicks",
            "kafka_cluster": [
              {
                "id": "lkc-v1zpd5"
              }
            ],
            "partitions_count": 6,
            "rest_endpoint": "https://pkc-l7pr2.ap-south-1.aws.confluent.cloud:443",
            "topic_name": "Clicks"
          },
          "sensitive_attributes": [],
          "private": "eyJzY2hlbWFfdmVyc2lvbiI6IjIifQ==",
          "dependencies": [
            "confluent_kafka_cluster.basic"
          ]
        }
      ]
    },
    {
      "mode": "managed",
      "type": "confluent_kafka_topic",
      "name": "Content",
      "provider": "provider[\"registry.terraform.io/confluentinc/confluent\"]",
      "instances": [
        {
          "schema_version": 2,
          "attributes": {
            "config": {},
            "credentials": [
              {
                "key": "JESRKNNSZUNNJR2Y",
                "secret": "7SEBgOZRXRbovgAx90qGN4tT8mfv9l0gH69hxY41c08dTf56qlDnyGhpPTcU7Fc7"
              }
            ],
            "id": "lkc-v1zpd5/Content",
            "kafka_cluster": [
              {
                "id": "lkc-v1zpd5"
              }
            ],
            "partitions_count": 6,
            "rest_endpoint": "https://pkc-l7pr2.ap-south-1.aws.confluent.cloud:443",
            "topic_name": "Content"
          },
          "sensitive_attributes": [],
          "private": "eyJzY2hlbWFfdmVyc2lvbiI6IjIifQ==",
          "dependencies": [
            "confluent_kafka_cluster.basic"
          ]
        }
      ]
    },
    {
      "mode": "managed",
      "type": "confluent_kafka_topic",
      "name": "Users",
      "provider": "provider[\"registry.terraform.io/confluentinc/confluent\"]",
      "instances": [
        {
          "schema_version": 2,
          "attributes": {
            "config": {},
            "credentials": [
              {
                "key": "JESRKNNSZUNNJR2Y",
                "secret": "7SEBgOZRXRbovgAx90qGN4tT8mfv9l0gH69hxY41c08dTf56qlDnyGhpPTcU7Fc7"
              }
            ],
            "id": "lkc-v1zpd5/Users",
            "kafka_cluster": [
              {
                "id": "lkc-v1zpd5"
              }
            ],
            "partitions_count": 6,
            "rest_endpoint": "https://pkc-l7pr2.ap-south-1.aws.confluent.cloud:443",
            "topic_name": "Users"
          },
          "sensitive_attributes": [],
          "private": "eyJzY2hlbWFfdmVyc2lvbiI6IjIifQ==",
          "dependencies": [
            "confluent_kafka_cluster.basic"
          ]
        }
      ]
    }
  ],
  "check_results": null
}
